
Microsoft Visual Studio Solution File, Format Version 12.00
# Visual Studio Version 17
VisualStudioVersion = 17.7.34024.191
MinimumVisualStudioVersion = 10.0.40219.1
Project("{FAE04EC0-301F-11D3-BF4B-00C04F79EFBC}") = "Swtich", "Swtich\Swtich.csproj", "{5EE70BF3-41E9-4D2D-875B-637D16B4E25A}"
EndProject
Global
	GlobalSection(SolutionConfigurationPlatforms) = preSolution
		Debug|Any CPU = Debug|Any CPU
		Release|Any CPU = Release|Any CPU
	EndGlobalSection
	GlobalSection(ProjectConfigurationPlatforms) = postSolution
		{5EE70BF3-41E9-4D2D-875B-637D16B4E25A}.Debug|Any CPU.ActiveCfg = Debug|Any CPU
		{5EE70BF3-41E9-4D2D-875B-637D16B4E25A}.Debug|Any CPU.Build.0 = Debug|Any CPU
		{5EE70BF3-41E9-4D2D-875B-637D16B4E25A}.Release|Any CPU.ActiveCfg = Release|Any CPU
		{5EE70BF3-41E9-4D2D-875B-637D16B4E25A}.Release|Any CPU.Build.0 = Release|Any CPU
	EndGlobalSection
	GlobalSection(SolutionProperties) = preSolution
		HideSolutionNode = FALSE
	EndGlobalSection
	GlobalSection(ExtensibilityGlobals) = postSolution
		SolutionGuid = {8C1F355F-B09A-4653-8BCA-23146334D190}
	EndGlobalSection
EndGlobal
